// !$*UTF8*$!
{
	archiveVersion = 1;
	classes = {
	};
	objectVersion = 52;
	objects = {

/* Begin PBXBuildFile section */
		EF0DFB6925EB6024006C2EFA /* AddRecipeController.swift in Sources */ = {isa = PBXBuildFile; fileRef = EF0DFB6825EB6024006C2EFA /* AddRecipeController.swift */; };
		EF21A76325F058AE007FCC54 /* WaterController.swift in Sources */ = {isa = PBXBuildFile; fileRef = EF21A76225F058AE007FCC54 /* WaterController.swift */; };
		EF23AC2B25EF288B000BFB17 /* OilWeightController.swift in Sources */ = {isa = PBXBuildFile; fileRef = EF23AC2A25EF288B000BFB17 /* OilWeightController.swift */; };
		EF23AC2E25EF4BB3000BFB17 /* OilWeightCustomCell.swift in Sources */ = {isa = PBXBuildFile; fileRef = EF23AC2D25EF4BB3000BFB17 /* OilWeightCustomCell.swift */; };
		EF406C2825E8BFCD0068F9AB /* Soap.swift in Sources */ = {isa = PBXBuildFile; fileRef = EF406C2725E8BFCD0068F9AB /* Soap.swift */; };
		EF406C2C25E8C6D80068F9AB /* Realm in Frameworks */ = {isa = PBXBuildFile; productRef = EF406C2B25E8C6D80068F9AB /* Realm */; };
		EF406C2E25E8C6D80068F9AB /* RealmSwift in Frameworks */ = {isa = PBXBuildFile; productRef = EF406C2D25E8C6D80068F9AB /* RealmSwift */; };
		EFA1B7F425EC9FCB0015FD48 /* OilController.swift in Sources */ = {isa = PBXBuildFile; fileRef = EFA1B7F325EC9FCB0015FD48 /* OilController.swift */; };
		EFAD14FF25E9A89200018F94 /* Oil.swift in Sources */ = {isa = PBXBuildFile; fileRef = EFAD14FE25E9A89200018F94 /* Oil.swift */; };
		EFAD151625EA09A900018F94 /* oils.txt in Resources */ = {isa = PBXBuildFile; fileRef = EFAD151525EA09A900018F94 /* oils.txt */; };
		EFCC511225F1843D000AB6C9 /* resultRecipeController.swift in Sources */ = {isa = PBXBuildFile; fileRef = EFCC511125F1843D000AB6C9 /* resultRecipeController.swift */; };
		EFCC511525F196B1000AB6C9 /* RecipeOilCell.swift in Sources */ = {isa = PBXBuildFile; fileRef = EFCC511425F196B1000AB6C9 /* RecipeOilCell.swift */; };
		EFCC511825F213AC000AB6C9 /* SettingsViewController.swift in Sources */ = {isa = PBXBuildFile; fileRef = EFCC511725F213AC000AB6C9 /* SettingsViewController.swift */; };
		EFF3161825E7613700E4D23E /* AppDelegate.swift in Sources */ = {isa = PBXBuildFile; fileRef = EFF3161725E7613700E4D23E /* AppDelegate.swift */; };
		EFF3161A25E7613700E4D23E /* SceneDelegate.swift in Sources */ = {isa = PBXBuildFile; fileRef = EFF3161925E7613700E4D23E /* SceneDelegate.swift */; };
		EFF3161C25E7613700E4D23E /* ViewController.swift in Sources */ = {isa = PBXBuildFile; fileRef = EFF3161B25E7613700E4D23E /* ViewController.swift */; };
		EFF3161F25E7613700E4D23E /* Main.storyboard in Resources */ = {isa = PBXBuildFile; fileRef = EFF3161D25E7613700E4D23E /* Main.storyboard */; };
		EFF3162125E7613700E4D23E /* Assets.xcassets in Resources */ = {isa = PBXBuildFile; fileRef = EFF3162025E7613700E4D23E /* Assets.xcassets */; };
		EFF3162425E7613700E4D23E /* LaunchScreen.storyboard in Resources */ = {isa = PBXBuildFile; fileRef = EFF3162225E7613700E4D23E /* LaunchScreen.storyboard */; };
		EFFFC2CB25E88DEC00F2C738 /* CustomCell.swift in Sources */ = {isa = PBXBuildFile; fileRef = EFFFC2CA25E88DEC00F2C738 /* CustomCell.swift */; };
/* End PBXBuildFile section */

/* Begin PBXFileReference section */
		EF0DFB6825EB6024006C2EFA /* AddRecipeController.swift */ = {isa = PBXFileReference; lastKnownFileType = sourcecode.swift; path = AddRecipeController.swift; sourceTree = "<group>"; };
		EF21A76225F058AE007FCC54 /* WaterController.swift */ = {isa = PBXFileReference; lastKnownFileType = sourcecode.swift; path = WaterController.swift; sourceTree = "<group>"; };
		EF23AC2A25EF288B000BFB17 /* OilWeightController.swift */ = {isa = PBXFileReference; lastKnownFileType = sourcecode.swift; path = OilWeightController.swift; sourceTree = "<group>"; };
		EF23AC2D25EF4BB3000BFB17 /* OilWeightCustomCell.swift */ = {isa = PBXFileReference; lastKnownFileType = sourcecode.swift; path = OilWeightCustomCell.swift; sourceTree = "<group>"; };
		EF406C2725E8BFCD0068F9AB /* Soap.swift */ = {isa = PBXFileReference; lastKnownFileType = sourcecode.swift; path = Soap.swift; sourceTree = "<group>"; };
		EFA1B7F325EC9FCB0015FD48 /* OilController.swift */ = {isa = PBXFileReference; lastKnownFileType = sourcecode.swift; path = OilController.swift; sourceTree = "<group>"; };
		EFAD14FE25E9A89200018F94 /* Oil.swift */ = {isa = PBXFileReference; lastKnownFileType = sourcecode.swift; path = Oil.swift; sourceTree = "<group>"; };
		EFAD151525EA09A900018F94 /* oils.txt */ = {isa = PBXFileReference; fileEncoding = 4; lastKnownFileType = text; name = oils.txt; path = ../../../oils.txt; sourceTree = "<group>"; };
		EFCC511125F1843D000AB6C9 /* resultRecipeController.swift */ = {isa = PBXFileReference; lastKnownFileType = sourcecode.swift; path = resultRecipeController.swift; sourceTree = "<group>"; };
		EFCC511425F196B1000AB6C9 /* RecipeOilCell.swift */ = {isa = PBXFileReference; lastKnownFileType = sourcecode.swift; path = RecipeOilCell.swift; sourceTree = "<group>"; };
		EFCC511725F213AC000AB6C9 /* SettingsViewController.swift */ = {isa = PBXFileReference; lastKnownFileType = sourcecode.swift; path = SettingsViewController.swift; sourceTree = "<group>"; };
		EFF3161425E7613700E4D23E /* SoapCalculator.app */ = {isa = PBXFileReference; explicitFileType = wrapper.application; includeInIndex = 0; path = SoapCalculator.app; sourceTree = BUILT_PRODUCTS_DIR; };
		EFF3161725E7613700E4D23E /* AppDelegate.swift */ = {isa = PBXFileReference; lastKnownFileType = sourcecode.swift; path = AppDelegate.swift; sourceTree = "<group>"; };
		EFF3161925E7613700E4D23E /* SceneDelegate.swift */ = {isa = PBXFileReference; lastKnownFileType = sourcecode.swift; path = SceneDelegate.swift; sourceTree = "<group>"; };
		EFF3161B25E7613700E4D23E /* ViewController.swift */ = {isa = PBXFileReference; lastKnownFileType = sourcecode.swift; path = ViewController.swift; sourceTree = "<group>"; };
		EFF3161E25E7613700E4D23E /* Base */ = {isa = PBXFileReference; lastKnownFileType = file.storyboard; name = Base; path = Base.lproj/Main.storyboard; sourceTree = "<group>"; };
		EFF3162025E7613700E4D23E /* Assets.xcassets */ = {isa = PBXFileReference; lastKnownFileType = folder.assetcatalog; path = Assets.xcassets; sourceTree = "<group>"; };
		EFF3162325E7613700E4D23E /* Base */ = {isa = PBXFileReference; lastKnownFileType = file.storyboard; name = Base; path = Base.lproj/LaunchScreen.storyboard; sourceTree = "<group>"; };
		EFF3162525E7613700E4D23E /* Info.plist */ = {isa = PBXFileReference; lastKnownFileType = text.plist.xml; path = Info.plist; sourceTree = "<group>"; };
		EFFFC2CA25E88DEC00F2C738 /* CustomCell.swift */ = {isa = PBXFileReference; lastKnownFileType = sourcecode.swift; path = CustomCell.swift; sourceTree = "<group>"; };
/* End PBXFileReference section */

/* Begin PBXFrameworksBuildPhase section */
		EFF3161125E7613700E4D23E /* Frameworks */ = {
			isa = PBXFrameworksBuildPhase;
			buildActionMask = 2147483647;
			files = (
				EF406C2E25E8C6D80068F9AB /* RealmSwift in Frameworks */,
				EF406C2C25E8C6D80068F9AB /* Realm in Frameworks */,
			);
			runOnlyForDeploymentPostprocessing = 0;
		};
/* End PBXFrameworksBuildPhase section */

/* Begin PBXGroup section */
		EFA1B7F725ECBB0C0015FD48 /* Controller */ = {
			isa = PBXGroup;
			children = (
				EFFFC2CA25E88DEC00F2C738 /* CustomCell.swift */,
				EFCC511425F196B1000AB6C9 /* RecipeOilCell.swift */,
				EF23AC2D25EF4BB3000BFB17 /* OilWeightCustomCell.swift */,
				EFF3161B25E7613700E4D23E /* ViewController.swift */,
				EFA1B7F325EC9FCB0015FD48 /* OilController.swift */,
				EF0DFB6825EB6024006C2EFA /* AddRecipeController.swift */,
				EF23AC2A25EF288B000BFB17 /* OilWeightController.swift */,
				EF21A76225F058AE007FCC54 /* WaterController.swift */,
				EFCC511125F1843D000AB6C9 /* resultRecipeController.swift */,
				EFCC511725F213AC000AB6C9 /* SettingsViewController.swift */,
			);
			path = Controller;
			sourceTree = "<group>";
		};
		EFA1B7F825ECBB500015FD48 /* Model */ = {
			isa = PBXGroup;
			children = (
				EF406C2725E8BFCD0068F9AB /* Soap.swift */,
				EFAD14FE25E9A89200018F94 /* Oil.swift */,
			);
			path = Model;
			sourceTree = "<group>";
		};
		EFA1B7FA25ECBB5A0015FD48 /* View */ = {
			isa = PBXGroup;
			children = (
				EFF3162225E7613700E4D23E /* LaunchScreen.storyboard */,
				EFF3161D25E7613700E4D23E /* Main.storyboard */,
			);
			path = View;
			sourceTree = "<group>";
		};
		EFF3160B25E7613700E4D23E = {
			isa = PBXGroup;
			children = (
				EFF3161625E7613700E4D23E /* SoapCalculator */,
				EFF3161525E7613700E4D23E /* Products */,
			);
			sourceTree = "<group>";
		};
		EFF3161525E7613700E4D23E /* Products */ = {
			isa = PBXGroup;
			children = (
				EFF3161425E7613700E4D23E /* SoapCalculator.app */,
			);
			name = Products;
			sourceTree = "<group>";
		};
		EFF3161625E7613700E4D23E /* SoapCalculator */ = {
			isa = PBXGroup;
			children = (
				EFF3161725E7613700E4D23E /* AppDelegate.swift */,
				EFAD151525EA09A900018F94 /* oils.txt */,
				EFF3161925E7613700E4D23E /* SceneDelegate.swift */,
				EFA1B7F725ECBB0C0015FD48 /* Controller */,
				EFA1B7F825ECBB500015FD48 /* Model */,
				EFA1B7FA25ECBB5A0015FD48 /* View */,
				EFF3162025E7613700E4D23E /* Assets.xcassets */,
				EFF3162525E7613700E4D23E /* Info.plist */,
			);
			path = SoapCalculator;
			sourceTree = "<group>";
		};
/* End PBXGroup section */

/* Begin PBXNativeTarget section */
		EFF3161325E7613700E4D23E /* SoapCalculator */ = {
			isa = PBXNativeTarget;
			buildConfigurationList = EFF3162825E7613700E4D23E /* Build configuration list for PBXNativeTarget "SoapCalculator" */;
			buildPhases = (
				EFF3161025E7613700E4D23E /* Sources */,
				EFF3161125E7613700E4D23E /* Frameworks */,
				EFF3161225E7613700E4D23E /* Resources */,
			);
			buildRules = (
			);
			dependencies = (
			);
			name = SoapCalculator;
			packageProductDependencies = (
				EF406C2B25E8C6D80068F9AB /* Realm */,
				EF406C2D25E8C6D80068F9AB /* RealmSwift */,
			);
			productName = SoapCalculator;
			productReference = EFF3161425E7613700E4D23E /* SoapCalculator.app */;
			productType = "com.apple.product-type.application";
		};
/* End PBXNativeTarget section */

/* Begin PBXProject section */
		EFF3160C25E7613700E4D23E /* Project object */ = {
			isa = PBXProject;
			attributes = {
				LastSwiftUpdateCheck = 1230;
				LastUpgradeCheck = 1230;
				TargetAttributes = {
					EFF3161325E7613700E4D23E = {
						CreatedOnToolsVersion = 12.3;
					};
				};
			};
			buildConfigurationList = EFF3160F25E7613700E4D23E /* Build configuration list for PBXProject "SoapCalculator" */;
			compatibilityVersion = "Xcode 9.3";
			developmentRegion = en;
			hasScannedForEncodings = 0;
			knownRegions = (
				en,
				Base,
			);
			mainGroup = EFF3160B25E7613700E4D23E;
			packageReferences = (
				EF406C2A25E8C6D80068F9AB /* XCRemoteSwiftPackageReference "realm-cocoa" */,
			);
			productRefGroup = EFF3161525E7613700E4D23E /* Products */;
			projectDirPath = "";
			projectRoot = "";
			targets = (
				EFF3161325E7613700E4D23E /* SoapCalculator */,
			);
		};
/* End PBXProject section */

/* Begin PBXResourcesBuildPhase section */
		EFF3161225E7613700E4D23E /* Resources */ = {
			isa = PBXResourcesBuildPhase;
			buildActionMask = 2147483647;
			files = (
				EFF3162425E7613700E4D23E /* LaunchScreen.storyboard in Resources */,
				EFAD151625EA09A900018F94 /* oils.txt in Resources */,
				EFF3162125E7613700E4D23E /* Assets.xcassets in Resources */,
				EFF3161F25E7613700E4D23E /* Main.storyboard in Resources */,
			);
			runOnlyForDeploymentPostprocessing = 0;
		};
/* End PBXResourcesBuildPhase section */

/* Begin PBXSourcesBuildPhase section */
		EFF3161025E7613700E4D23E /* Sources */ = {
			isa = PBXSourcesBuildPhase;
			buildActionMask = 2147483647;
			files = (
				EF406C2825E8BFCD0068F9AB /* Soap.swift in Sources */,
				EF21A76325F058AE007FCC54 /* WaterController.swift in Sources */,
				EFCC511525F196B1000AB6C9 /* RecipeOilCell.swift in Sources */,
				EF23AC2E25EF4BB3000BFB17 /* OilWeightCustomCell.swift in Sources */,
				EF0DFB6925EB6024006C2EFA /* AddRecipeController.swift in Sources */,
				EFF3161C25E7613700E4D23E /* ViewController.swift in Sources */,
				EFAD14FF25E9A89200018F94 /* Oil.swift in Sources */,
				EFCC511225F1843D000AB6C9 /* resultRecipeController.swift in Sources */,
				EFFFC2CB25E88DEC00F2C738 /* CustomCell.swift in Sources */,
				EFCC511825F213AC000AB6C9 /* SettingsViewController.swift in Sources */,
				EFF3161825E7613700E4D23E /* AppDelegate.swift in Sources */,
				EFA1B7F425EC9FCB0015FD48 /* OilController.swift in Sources */,
				EF23AC2B25EF288B000BFB17 /* OilWeightController.swift in Sources */,
				EFF3161A25E7613700E4D23E /* SceneDelegate.swift in Sources */,
			);
			runOnlyForDeploymentPostprocessing = 0;
		};
/* End PBXSourcesBuildPhase section */

/* Begin PBXVariantGroup section */
		EFF3161D25E7613700E4D23E /* Main.storyboard */ = {
			isa = PBXVariantGroup;
			children = (
				EFF3161E25E7613700E4D23E /* Base */,
			);
			name = Main.storyboard;
			sourceTree = "<group>";
		};
		EFF3162225E7613700E4D23E /* LaunchScreen.storyboard */ = {
			isa = PBXVariantGroup;
			children = (
				EFF3162325E7613700E4D23E /* Base */,
			);
			name = LaunchScreen.storyboard;
			sourceTree = "<group>";
		};
/* End PBXVariantGroup section */

/* Begin XCBuildConfiguration section */
		EFF3162625E7613700E4D23E /* Debug */ = {
			isa = XCBuildConfiguration;
			buildSettings = {
				ALWAYS_SEARCH_USER_PATHS = NO;
				CLANG_ANALYZER_NONNULL = YES;
				CLANG_ANALYZER_NUMBER_OBJECT_CONVERSION = YES_AGGRESSIVE;
				CLANG_CXX_LANGUAGE_STANDARD = "gnu++14";
				CLANG_CXX_LIBRARY = "libc++";
				CLANG_ENABLE_MODULES = YES;
				CLANG_ENABLE_OBJC_ARC = YES;
				CLANG_ENABLE_OBJC_WEAK = YES;
				CLANG_WARN_BLOCK_CAPTURE_AUTORELEASING = YES;
				CLANG_WARN_BOOL_CONVERSION = YES;
				CLANG_WARN_COMMA = YES;
				CLANG_WARN_CONSTANT_CONVERSION = YES;
				CLANG_WARN_DEPRECATED_OBJC_IMPLEMENTATIONS = YES;
				CLANG_WARN_DIRECT_OBJC_ISA_USAGE = YES_ERROR;
				CLANG_WARN_DOCUMENTATION_COMMENTS = YES;
				CLANG_WARN_EMPTY_BODY = YES;
				CLANG_WARN_ENUM_CONVERSION = YES;
				CLANG_WARN_INFINITE_RECURSION = YES;
				CLANG_WARN_INT_CONVERSION = YES;
				CLANG_WARN_NON_LITERAL_NULL_CONVERSION = YES;
				CLANG_WARN_OBJC_IMPLICIT_RETAIN_SELF = YES;
				CLANG_WARN_OBJC_LITERAL_CONVERSION = YES;
				CLANG_WARN_OBJC_ROOT_CLASS = YES_ERROR;
				CLANG_WARN_QUOTED_INCLUDE_IN_FRAMEWORK_HEADER = YES;
				CLANG_WARN_RANGE_LOOP_ANALYSIS = YES;
				CLANG_WARN_STRICT_PROTOTYPES = YES;
				CLANG_WARN_SUSPICIOUS_MOVE = YES;
				CLANG_WARN_UNGUARDED_AVAILABILITY = YES_AGGRESSIVE;
				CLANG_WARN_UNREACHABLE_CODE = YES;
				CLANG_WARN__DUPLICATE_METHOD_MATCH = YES;
				CODE_SIGN_STYLE = Automatic;
				COPY_PHASE_STRIP = NO;
				DEBUG_INFORMATION_FORMAT = dwarf;
				DEVELOPMENT_TEAM = DSCB8LGHRD;
				ENABLE_STRICT_OBJC_MSGSEND = YES;
				ENABLE_TESTABILITY = YES;
				GCC_C_LANGUAGE_STANDARD = gnu11;
				GCC_DYNAMIC_NO_PIC = NO;
				GCC_NO_COMMON_BLOCKS = YES;
				GCC_OPTIMIZATION_LEVEL = 0;
				GCC_PREPROCESSOR_DEFINITIONS = (
					"DEBUG=1",
					"$(inherited)",
				);
				GCC_WARN_64_TO_32_BIT_CONVERSION = YES;
				GCC_WARN_ABOUT_RETURN_TYPE = YES_ERROR;
				GCC_WARN_UNDECLARED_SELECTOR = YES;
				GCC_WARN_UNINITIALIZED_AUTOS = YES_AGGRESSIVE;
				GCC_WARN_UNUSED_FUNCTION = YES;
				GCC_WARN_UNUSED_VARIABLE = YES;
				IPHONEOS_DEPLOYMENT_TARGET = 13.0;
				MTL_ENABLE_DEBUG_INFO = INCLUDE_SOURCE;
				MTL_FAST_MATH = YES;
				ONLY_ACTIVE_ARCH = YES;
				SDKROOT = iphoneos;
				SWIFT_ACTIVE_COMPILATION_CONDITIONS = DEBUG;
				SWIFT_OPTIMIZATION_LEVEL = "-Onone";
			};
			name = Debug;
		};
		EFF3162725E7613700E4D23E /* Release */ = {
			isa = XCBuildConfiguration;
			buildSettings = {
				ALWAYS_SEARCH_USER_PATHS = NO;
				CLANG_ANALYZER_NONNULL = YES;
				CLANG_ANALYZER_NUMBER_OBJECT_CONVERSION = YES_AGGRESSIVE;
				CLANG_CXX_LANGUAGE_STANDARD = "gnu++14";
				CLANG_CXX_LIBRARY = "libc++";
				CLANG_ENABLE_MODULES = YES;
				CLANG_ENABLE_OBJC_ARC = YES;
				CLANG_ENABLE_OBJC_WEAK = YES;
				CLANG_WARN_BLOCK_CAPTURE_AUTORELEASING = YES;
				CLANG_WARN_BOOL_CONVERSION = YES;
				CLANG_WARN_COMMA = YES;
				CLANG_WARN_CONSTANT_CONVERSION = YES;
				CLANG_WARN_DEPRECATED_OBJC_IMPLEMENTATIONS = YES;
				CLANG_WARN_DIRECT_OBJC_ISA_USAGE = YES_ERROR;
				CLANG_WARN_DOCUMENTATION_COMMENTS = YES;
				CLANG_WARN_EMPTY_BODY = YES;
				CLANG_WARN_ENUM_CONVERSION = YES;
				CLANG_WARN_INFINITE_RECURSION = YES;
				CLANG_WARN_INT_CONVERSION = YES;
				CLANG_WARN_NON_LITERAL_NULL_CONVERSION = YES;
				CLANG_WARN_OBJC_IMPLICIT_RETAIN_SELF = YES;
				CLANG_WARN_OBJC_LITERAL_CONVERSION = YES;
				CLANG_WARN_OBJC_ROOT_CLASS = YES_ERROR;
				CLANG_WARN_QUOTED_INCLUDE_IN_FRAMEWORK_HEADER = YES;
				CLANG_WARN_RANGE_LOOP_ANALYSIS = YES;
				CLANG_WARN_STRICT_PROTOTYPES = YES;
				CLANG_WARN_SUSPICIOUS_MOVE = YES;
				CLANG_WARN_UNGUARDED_AVAILABILITY = YES_AGGRESSIVE;
				CLANG_WARN_UNREACHABLE_CODE = YES;
				CLANG_WARN__DUPLICATE_METHOD_MATCH = YES;
				CODE_SIGN_STYLE = Automatic;
				COPY_PHASE_STRIP = NO;
				DEBUG_INFORMATION_FORMAT = "dwarf-with-dsym";
				DEVELOPMENT_TEAM = DSCB8LGHRD;
				ENABLE_NS_ASSERTIONS = NO;
				ENABLE_STRICT_OBJC_MSGSEND = YES;
				GCC_C_LANGUAGE_STANDARD = gnu11;
				GCC_NO_COMMON_BLOCKS = YES;
				GCC_WARN_64_TO_32_BIT_CONVERSION = YES;
				GCC_WARN_ABOUT_RETURN_TYPE = YES_ERROR;
				GCC_WARN_UNDECLARED_SELECTOR = YES;
				GCC_WARN_UNINITIALIZED_AUTOS = YES_AGGRESSIVE;
				GCC_WARN_UNUSED_FUNCTION = YES;
				GCC_WARN_UNUSED_VARIABLE = YES;
				IPHONEOS_DEPLOYMENT_TARGET = 13.0;
				MTL_ENABLE_DEBUG_INFO = NO;
				MTL_FAST_MATH = YES;
				SDKROOT = iphoneos;
				SWIFT_COMPILATION_MODE = wholemodule;
				SWIFT_OPTIMIZATION_LEVEL = "-O";
				VALIDATE_PRODUCT = YES;
			};
			name = Release;
		};
		EFF3162925E7613700E4D23E /* Debug */ = {
			isa = XCBuildConfiguration;
			buildSettings = {
				ASSETCATALOG_COMPILER_APPICON_NAME = AppIcon;
				ASSETCATALOG_COMPILER_GLOBAL_ACCENT_COLOR_NAME = AccentColor;
				CODE_SIGN_STYLE = Automatic;
				INFOPLIST_FILE = SoapCalculator/Info.plist;
				LD_RUNPATH_SEARCH_PATHS = (
					"$(inherited)",
					"@executable_path/Frameworks",
				);
				PRODUCT_BUNDLE_IDENTIFIER = com.gaethalalou.SoapCalculator;
				PRODUCT_NAME = "$(TARGET_NAME)";
				SWIFT_VERSION = 5.0;
				TARGETED_DEVICE_FAMILY = "1,2";
			};
			name = Debug;
		};
		EFF3162A25E7613700E4D23E /* Release */ = {
			isa = XCBuildConfiguration;
			buildSettings = {
				ASSETCATALOG_COMPILER_APPICON_NAME = AppIcon;
				ASSETCATALOG_COMPILER_GLOBAL_ACCENT_COLOR_NAME = AccentColor;
				CODE_SIGN_STYLE = Automatic;
				INFOPLIST_FILE = SoapCalculator/Info.plist;
				LD_RUNPATH_SEARCH_PATHS = (
					"$(inherited)",
					"@executable_path/Frameworks",
				);
				PRODUCT_BUNDLE_IDENTIFIER = com.gaethalalou.SoapCalculator;
				PRODUCT_NAME = "$(TARGET_NAME)";
				SWIFT_VERSION = 5.0;
				TARGETED_DEVICE_FAMILY = "1,2";
			};
			name = Release;
		};
/* End XCBuildConfiguration section */

/* Begin XCConfigurationList section */
		EFF3160F25E7613700E4D23E /* Build configuration list for PBXProject "SoapCalculator" */ = {
			isa = XCConfigurationList;
			buildConfigurations = (
				EFF3162625E7613700E4D23E /* Debug */,
				EFF3162725E7613700E4D23E /* Release */,
			);
			defaultConfigurationIsVisible = 0;
			defaultConfigurationName = Release;
		};
		EFF3162825E7613700E4D23E /* Build configuration list for PBXNativeTarget "SoapCalculator" */ = {
			isa = XCConfigurationList;
			buildConfigurations = (
				EFF3162925E7613700E4D23E /* Debug */,
				EFF3162A25E7613700E4D23E /* Release */,
			);
			defaultConfigurationIsVisible = 0;
			defaultConfigurationName = Release;
		};
/* End XCConfigurationList section */

/* Begin XCRemoteSwiftPackageReference section */
		EF406C2A25E8C6D80068F9AB /* XCRemoteSwiftPackageReference "realm-cocoa" */ = {
			isa = XCRemoteSwiftPackageReference;
			repositoryURL = "https://github.com/realm/realm-cocoa.git";
			requirement = {
				kind = upToNextMajorVersion;
				minimumVersion = 10.7.0;
			};
		};
/* End XCRemoteSwiftPackageReference section */

/* Begin XCSwiftPackageProductDependency section */
		EF406C2B25E8C6D80068F9AB /* Realm */ = {
			isa = XCSwiftPackageProductDependency;
			package = EF406C2A25E8C6D80068F9AB /* XCRemoteSwiftPackageReference "realm-cocoa" */;
			productName = Realm;
		};
		EF406C2D25E8C6D80068F9AB /* RealmSwift */ = {
			isa = XCSwiftPackageProductDependency;
			package = EF406C2A25E8C6D80068F9AB /* XCRemoteSwiftPackageReference "realm-cocoa" */;
			productName = RealmSwift;
		};
/* End XCSwiftPackageProductDependency section */
	};
	rootObject = EFF3160C25E7613700E4D23E /* Project object */;
}
